
Microsoft Visual Studio Solution File, Format Version 12.00
# Visual Studio 15
Project("{FAE04EC0-301F-11D3-BF4B-00C04F79EFBC}") = "Assembly-CSharp", "Assembly-CSharp.csproj", "{8F7E708F-5BF1-0468-F84F-8BC6D8835A64}"
EndProject
Project("{FAE04EC0-301F-11D3-BF4B-00C04F79EFBC}") = "Polyperfect.Universal", "Polyperfect.Universal.csproj", "{D1606704-67CE-AE1B-517B-B40106F535E0}"
EndProject
Global
	GlobalSection(SolutionConfigurationPlatforms) = preSolution
		Debug|Any CPU = Debug|Any CPU
		Release|Any CPU = Release|Any CPU
	EndGlobalSection
	GlobalSection(ProjectConfigurationPlatforms) = postSolution
		{8F7E708F-5BF1-0468-F84F-8BC6D8835A64}.Debug|Any CPU.ActiveCfg = Debug|Any CPU
		{8F7E708F-5BF1-0468-F84F-8BC6D8835A64}.Debug|Any CPU.Build.0 = Debug|Any CPU
		{8F7E708F-5BF1-0468-F84F-8BC6D8835A64}.Release|Any CPU.ActiveCfg = Release|Any CPU
		{8F7E708F-5BF1-0468-F84F-8BC6D8835A64}.Release|Any CPU.Build.0 = Release|Any CPU
		{D1606704-67CE-AE1B-517B-B40106F535E0}.Debug|Any CPU.ActiveCfg = Debug|Any CPU
		{D1606704-67CE-AE1B-517B-B40106F535E0}.Debug|Any CPU.Build.0 = Debug|Any CPU
		{D1606704-67CE-AE1B-517B-B40106F535E0}.Release|Any CPU.ActiveCfg = Release|Any CPU
		{D1606704-67CE-AE1B-517B-B40106F535E0}.Release|Any CPU.Build.0 = Release|Any CPU
	EndGlobalSection
	GlobalSection(SolutionProperties) = preSolution
		HideSolutionNode = FALSE
	EndGlobalSection
EndGlobal
